// !$*UTF8*$!
{
	archiveVersion = 1;
	classes = {
	};
	objectVersion = 55;
	objects = {

/* Begin PBXBuildFile section */
		1A449897649BB9ED6902670B /* Pods_Homework3.framework in Frameworks */ = {isa = PBXBuildFile; fileRef = 1B57E8A7D309211EEA41DA51 /* Pods_Homework3.framework */; };
		D213FCBC28D8473000B62AAA /* AppDelegate.swift in Sources */ = {isa = PBXBuildFile; fileRef = D213FCBB28D8473000B62AAA /* AppDelegate.swift */; };
		D213FCBE28D8473000B62AAA /* SceneDelegate.swift in Sources */ = {isa = PBXBuildFile; fileRef = D213FCBD28D8473000B62AAA /* SceneDelegate.swift */; };
		D213FCC028D8473000B62AAA /* PostViewController.swift in Sources */ = {isa = PBXBuildFile; fileRef = D213FCBF28D8473000B62AAA /* PostViewController.swift */; };
		D213FCC328D8473000B62AAA /* Main.storyboard in Resources */ = {isa = PBXBuildFile; fileRef = D213FCC128D8473000B62AAA /* Main.storyboard */; };
		D213FCC528D8473600B62AAA /* Assets.xcassets in Resources */ = {isa = PBXBuildFile; fileRef = D213FCC428D8473600B62AAA /* Assets.xcassets */; };
		D213FCC828D8473600B62AAA /* LaunchScreen.storyboard in Resources */ = {isa = PBXBuildFile; fileRef = D213FCC628D8473600B62AAA /* LaunchScreen.storyboard */; };
		D213FCD128D862AA00B62AAA /* PostModel.swift in Sources */ = {isa = PBXBuildFile; fileRef = D213FCD028D862AA00B62AAA /* PostModel.swift */; };
		D213FCD528D8631000B62AAA /* PostTableViewCell.swift in Sources */ = {isa = PBXBuildFile; fileRef = D213FCD428D8631000B62AAA /* PostTableViewCell.swift */; };
		D21BC76628D8AE48000ECE29 /* PhotosCollectionView.swift in Sources */ = {isa = PBXBuildFile; fileRef = D21BC76528D8AE48000ECE29 /* PhotosCollectionView.swift */; };
		D21BC76928D8AF38000ECE29 /* ApiManager.swift in Sources */ = {isa = PBXBuildFile; fileRef = D21BC76828D8AF38000ECE29 /* ApiManager.swift */; };
		D262623C28D8A42400822855 /* PhotosCollectionViewCell.swift in Sources */ = {isa = PBXBuildFile; fileRef = D262623B28D8A42400822855 /* PhotosCollectionViewCell.swift */; };
		D264706228D9963F007144DF /* .gitignore in Resources */ = {isa = PBXBuildFile; fileRef = D264706128D9963F007144DF /* .gitignore */; };
		D284280628D89A470040E304 /* PhotoModel.swift in Sources */ = {isa = PBXBuildFile; fileRef = D284280528D89A470040E304 /* PhotoModel.swift */; };
		D29255C828D9F37C00EDA4FE /* CoreDataStack.swift in Sources */ = {isa = PBXBuildFile; fileRef = D29255C728D9F37C00EDA4FE /* CoreDataStack.swift */; };
		D29255CA28D9F3EC00EDA4FE /* ToDoModel.swift in Sources */ = {isa = PBXBuildFile; fileRef = D29255C928D9F3EC00EDA4FE /* ToDoModel.swift */; };
		D29255CD28D9F42E00EDA4FE /* Model.xcdatamodeld in Sources */ = {isa = PBXBuildFile; fileRef = D29255CB28D9F42E00EDA4FE /* Model.xcdatamodeld */; };
		D297DC5D28DAEE25001EBD90 /* ToDoItem+CoreDataProperties.swift in Sources */ = {isa = PBXBuildFile; fileRef = D297DC5B28DAEE25001EBD90 /* ToDoItem+CoreDataProperties.swift */; };
		D297DC5E28DAEE25001EBD90 /* ToDoItem+CoreDataClass.swift in Sources */ = {isa = PBXBuildFile; fileRef = D297DC5C28DAEE25001EBD90 /* ToDoItem+CoreDataClass.swift */; };
/* End PBXBuildFile section */

/* Begin PBXFileReference section */
		1B57E8A7D309211EEA41DA51 /* Pods_Homework3.framework */ = {isa = PBXFileReference; explicitFileType = wrapper.framework; includeInIndex = 0; path = Pods_Homework3.framework; sourceTree = BUILT_PRODUCTS_DIR; };
		31C432047CE1D4D0F771A676 /* Pods-Homework3.debug.xcconfig */ = {isa = PBXFileReference; includeInIndex = 1; lastKnownFileType = text.xcconfig; name = "Pods-Homework3.debug.xcconfig"; path = "Target Support Files/Pods-Homework3/Pods-Homework3.debug.xcconfig"; sourceTree = "<group>"; };
		70D41300128558CA7D80E74C /* Pods-Homework3.release.xcconfig */ = {isa = PBXFileReference; includeInIndex = 1; lastKnownFileType = text.xcconfig; name = "Pods-Homework3.release.xcconfig"; path = "Target Support Files/Pods-Homework3/Pods-Homework3.release.xcconfig"; sourceTree = "<group>"; };
		D213FCB828D8473000B62AAA /* Homework3.app */ = {isa = PBXFileReference; explicitFileType = wrapper.application; includeInIndex = 0; path = Homework3.app; sourceTree = BUILT_PRODUCTS_DIR; };
		D213FCBB28D8473000B62AAA /* AppDelegate.swift */ = {isa = PBXFileReference; lastKnownFileType = sourcecode.swift; path = AppDelegate.swift; sourceTree = "<group>"; };
		D213FCBD28D8473000B62AAA /* SceneDelegate.swift */ = {isa = PBXFileReference; lastKnownFileType = sourcecode.swift; path = SceneDelegate.swift; sourceTree = "<group>"; };
		D213FCBF28D8473000B62AAA /* PostViewController.swift */ = {isa = PBXFileReference; lastKnownFileType = sourcecode.swift; path = PostViewController.swift; sourceTree = "<group>"; };
		D213FCC228D8473000B62AAA /* Base */ = {isa = PBXFileReference; lastKnownFileType = file.storyboard; name = Base; path = Base.lproj/Main.storyboard; sourceTree = "<group>"; };
		D213FCC428D8473600B62AAA /* Assets.xcassets */ = {isa = PBXFileReference; lastKnownFileType = folder.assetcatalog; path = Assets.xcassets; sourceTree = "<group>"; };
		D213FCC728D8473600B62AAA /* Base */ = {isa = PBXFileReference; lastKnownFileType = file.storyboard; name = Base; path = Base.lproj/LaunchScreen.storyboard; sourceTree = "<group>"; };
		D213FCC928D8473600B62AAA /* Info.plist */ = {isa = PBXFileReference; lastKnownFileType = text.plist.xml; path = Info.plist; sourceTree = "<group>"; };
		D213FCD028D862AA00B62AAA /* PostModel.swift */ = {isa = PBXFileReference; lastKnownFileType = sourcecode.swift; path = PostModel.swift; sourceTree = "<group>"; };
		D213FCD428D8631000B62AAA /* PostTableViewCell.swift */ = {isa = PBXFileReference; lastKnownFileType = sourcecode.swift; path = PostTableViewCell.swift; sourceTree = "<group>"; };
		D21BC76528D8AE48000ECE29 /* PhotosCollectionView.swift */ = {isa = PBXFileReference; lastKnownFileType = sourcecode.swift; path = PhotosCollectionView.swift; sourceTree = "<group>"; };
		D21BC76828D8AF38000ECE29 /* ApiManager.swift */ = {isa = PBXFileReference; lastKnownFileType = sourcecode.swift; path = ApiManager.swift; sourceTree = "<group>"; };
		D262623B28D8A42400822855 /* PhotosCollectionViewCell.swift */ = {isa = PBXFileReference; lastKnownFileType = sourcecode.swift; path = PhotosCollectionViewCell.swift; sourceTree = "<group>"; };
		D264706128D9963F007144DF /* .gitignore */ = {isa = PBXFileReference; lastKnownFileType = text; path = .gitignore; sourceTree = "<group>"; };
		D284280528D89A470040E304 /* PhotoModel.swift */ = {isa = PBXFileReference; lastKnownFileType = sourcecode.swift; path = PhotoModel.swift; sourceTree = "<group>"; };
		D29255C728D9F37C00EDA4FE /* CoreDataStack.swift */ = {isa = PBXFileReference; lastKnownFileType = sourcecode.swift; path = CoreDataStack.swift; sourceTree = "<group>"; };
		D29255C928D9F3EC00EDA4FE /* ToDoModel.swift */ = {isa = PBXFileReference; lastKnownFileType = sourcecode.swift; path = ToDoModel.swift; sourceTree = "<group>"; };
		D29255CC28D9F42E00EDA4FE /* Model.xcdatamodel */ = {isa = PBXFileReference; lastKnownFileType = wrapper.xcdatamodel; path = Model.xcdatamodel; sourceTree = "<group>"; };
		D297DC5B28DAEE25001EBD90 /* ToDoItem+CoreDataProperties.swift */ = {isa = PBXFileReference; lastKnownFileType = sourcecode.swift; name = "ToDoItem+CoreDataProperties.swift"; path = "/Users/detaysoft/Desktop/HW/homework-3-edabarutcu/Homework3/Core Data/ToDoItem+CoreDataProperties.swift"; sourceTree = "<absolute>"; };
		D297DC5C28DAEE25001EBD90 /* ToDoItem+CoreDataClass.swift */ = {isa = PBXFileReference; lastKnownFileType = sourcecode.swift; name = "ToDoItem+CoreDataClass.swift"; path = "/Users/detaysoft/Desktop/HW/homework-3-edabarutcu/Homework3/Core Data/ToDoItem+CoreDataClass.swift"; sourceTree = "<absolute>"; };
/* End PBXFileReference section */

/* Begin PBXFrameworksBuildPhase section */
		D213FCB528D8473000B62AAA /* Frameworks */ = {
			isa = PBXFrameworksBuildPhase;
			buildActionMask = 2147483647;
			files = (
				1A449897649BB9ED6902670B /* Pods_Homework3.framework in Frameworks */,
			);
			runOnlyForDeploymentPostprocessing = 0;
		};
/* End PBXFrameworksBuildPhase section */

/* Begin PBXGroup section */
		4F085E6E7426DD58CE74456C /* Frameworks */ = {
			isa = PBXGroup;
			children = (
				1B57E8A7D309211EEA41DA51 /* Pods_Homework3.framework */,
			);
			name = Frameworks;
			sourceTree = "<group>";
		};
		A9486591354735CC247B94E0 /* Pods */ = {
			isa = PBXGroup;
			children = (
				31C432047CE1D4D0F771A676 /* Pods-Homework3.debug.xcconfig */,
				70D41300128558CA7D80E74C /* Pods-Homework3.release.xcconfig */,
			);
			path = Pods;
			sourceTree = "<group>";
		};
		D213FCAF28D8473000B62AAA = {
			isa = PBXGroup;
			children = (
				D213FCBA28D8473000B62AAA /* Homework3 */,
				D213FCB928D8473000B62AAA /* Products */,
				A9486591354735CC247B94E0 /* Pods */,
				4F085E6E7426DD58CE74456C /* Frameworks */,
			);
			sourceTree = "<group>";
		};
		D213FCB928D8473000B62AAA /* Products */ = {
			isa = PBXGroup;
			children = (
				D213FCB828D8473000B62AAA /* Homework3.app */,
			);
			name = Products;
			sourceTree = "<group>";
		};
		D213FCBA28D8473000B62AAA /* Homework3 */ = {
			isa = PBXGroup;
			children = (
				D29255C628D9F34E00EDA4FE /* Core Data */,
				D213FCD628D8631E00B62AAA /* Supporting Files */,
				D21BC76728D8AF09000ECE29 /* Network */,
				D213FCD328D862E300B62AAA /* Views */,
				D213FCD228D862D100B62AAA /* Controllers */,
				D213FCCF28D8628C00B62AAA /* Models */,
				D213FCC128D8473000B62AAA /* Main.storyboard */,
				D213FCC928D8473600B62AAA /* Info.plist */,
			);
			path = Homework3;
			sourceTree = "<group>";
		};
		D213FCCF28D8628C00B62AAA /* Models */ = {
			isa = PBXGroup;
			children = (
				D213FCD028D862AA00B62AAA /* PostModel.swift */,
				D284280528D89A470040E304 /* PhotoModel.swift */,
				D29255C928D9F3EC00EDA4FE /* ToDoModel.swift */,
				D264706128D9963F007144DF /* .gitignore */,
			);
			path = Models;
			sourceTree = "<group>";
		};
		D213FCD228D862D100B62AAA /* Controllers */ = {
			isa = PBXGroup;
			children = (
				D213FCBF28D8473000B62AAA /* PostViewController.swift */,
				D21BC76528D8AE48000ECE29 /* PhotosCollectionView.swift */,
			);
			path = Controllers;
			sourceTree = "<group>";
		};
		D213FCD328D862E300B62AAA /* Views */ = {
			isa = PBXGroup;
			children = (
				D213FCD428D8631000B62AAA /* PostTableViewCell.swift */,
				D262623B28D8A42400822855 /* PhotosCollectionViewCell.swift */,
			);
			path = Views;
			sourceTree = "<group>";
		};
		D213FCD628D8631E00B62AAA /* Supporting Files */ = {
			isa = PBXGroup;
			children = (
				D213FCBB28D8473000B62AAA /* AppDelegate.swift */,
				D213FCBD28D8473000B62AAA /* SceneDelegate.swift */,
				D213FCC428D8473600B62AAA /* Assets.xcassets */,
				D213FCC628D8473600B62AAA /* LaunchScreen.storyboard */,
			);
			path = "Supporting Files";
			sourceTree = "<group>";
		};
		D21BC76728D8AF09000ECE29 /* Network */ = {
			isa = PBXGroup;
			children = (
				D21BC76828D8AF38000ECE29 /* ApiManager.swift */,
			);
			path = Network;
			sourceTree = "<group>";
		};
		D29255C628D9F34E00EDA4FE /* Core Data */ = {
			isa = PBXGroup;
			children = (
				D29255C728D9F37C00EDA4FE /* CoreDataStack.swift */,
				D297DC5C28DAEE25001EBD90 /* ToDoItem+CoreDataClass.swift */,
				D297DC5B28DAEE25001EBD90 /* ToDoItem+CoreDataProperties.swift */,
				D29255CB28D9F42E00EDA4FE /* Model.xcdatamodeld */,
			);
			path = "Core Data";
			sourceTree = "<group>";
		};
/* End PBXGroup section */

/* Begin PBXNativeTarget section */
		D213FCB728D8473000B62AAA /* Homework3 */ = {
			isa = PBXNativeTarget;
			buildConfigurationList = D213FCCC28D8473600B62AAA /* Build configuration list for PBXNativeTarget "Homework3" */;
			buildPhases = (
				237C80409AC45A4C72180576 /* [CP] Check Pods Manifest.lock */,
				D213FCB428D8473000B62AAA /* Sources */,
				D213FCB528D8473000B62AAA /* Frameworks */,
				D213FCB628D8473000B62AAA /* Resources */,
				0FE079C1127F9FFE4DDD679E /* [CP] Embed Pods Frameworks */,
			);
			buildRules = (
			);
			dependencies = (
			);
			name = Homework3;
			productName = Homework3;
			productReference = D213FCB828D8473000B62AAA /* Homework3.app */;
			productType = "com.apple.product-type.application";
		};
/* End PBXNativeTarget section */

/* Begin PBXProject section */
		D213FCB028D8473000B62AAA /* Project object */ = {
			isa = PBXProject;
			attributes = {
				BuildIndependentTargetsInParallel = 1;
				LastSwiftUpdateCheck = 1320;
				LastUpgradeCheck = 1320;
				ORGANIZATIONNAME = "Eda Barutçu";
				TargetAttributes = {
					D213FCB728D8473000B62AAA = {
						CreatedOnToolsVersion = 13.2.1;
					};
				};
			};
			buildConfigurationList = D213FCB328D8473000B62AAA /* Build configuration list for PBXProject "Homework3" */;
			compatibilityVersion = "Xcode 13.0";
			developmentRegion = en;
			hasScannedForEncodings = 0;
			knownRegions = (
				en,
				Base,
			);
			mainGroup = D213FCAF28D8473000B62AAA;
			productRefGroup = D213FCB928D8473000B62AAA /* Products */;
			projectDirPath = "";
			projectRoot = "";
			targets = (
				D213FCB728D8473000B62AAA /* Homework3 */,
			);
		};
/* End PBXProject section */

/* Begin PBXResourcesBuildPhase section */
		D213FCB628D8473000B62AAA /* Resources */ = {
			isa = PBXResourcesBuildPhase;
			buildActionMask = 2147483647;
			files = (
				D264706228D9963F007144DF /* .gitignore in Resources */,
				D213FCC828D8473600B62AAA /* LaunchScreen.storyboard in Resources */,
				D213FCC528D8473600B62AAA /* Assets.xcassets in Resources */,
				D213FCC328D8473000B62AAA /* Main.storyboard in Resources */,
			);
			runOnlyForDeploymentPostprocessing = 0;
		};
/* End PBXResourcesBuildPhase section */

/* Begin PBXShellScriptBuildPhase section */
		0FE079C1127F9FFE4DDD679E /* [CP] Embed Pods Frameworks */ = {
			isa = PBXShellScriptBuildPhase;
			buildActionMask = 2147483647;
			files = (
			);
			inputFileListPaths = (
				"${PODS_ROOT}/Target Support Files/Pods-Homework3/Pods-Homework3-frameworks-${CONFIGURATION}-input-files.xcfilelist",
			);
			name = "[CP] Embed Pods Frameworks";
			outputFileListPaths = (
				"${PODS_ROOT}/Target Support Files/Pods-Homework3/Pods-Homework3-frameworks-${CONFIGURATION}-output-files.xcfilelist",
			);
			runOnlyForDeploymentPostprocessing = 0;
			shellPath = /bin/sh;
			shellScript = "\"${PODS_ROOT}/Target Support Files/Pods-Homework3/Pods-Homework3-frameworks.sh\"\n";
			showEnvVarsInLog = 0;
		};
		237C80409AC45A4C72180576 /* [CP] Check Pods Manifest.lock */ = {
			isa = PBXShellScriptBuildPhase;
			buildActionMask = 2147483647;
			files = (
			);
			inputFileListPaths = (
			);
			inputPaths = (
				"${PODS_PODFILE_DIR_PATH}/Podfile.lock",
				"${PODS_ROOT}/Manifest.lock",
			);
			name = "[CP] Check Pods Manifest.lock";
			outputFileListPaths = (
			);
			outputPaths = (
				"$(DERIVED_FILE_DIR)/Pods-Homework3-checkManifestLockResult.txt",
			);
			runOnlyForDeploymentPostprocessing = 0;
			shellPath = /bin/sh;
			shellScript = "diff \"${PODS_PODFILE_DIR_PATH}/Podfile.lock\" \"${PODS_ROOT}/Manifest.lock\" > /dev/null\nif [ $? != 0 ] ; then\n    # print error to STDERR\n    echo \"error: The sandbox is not in sync with the Podfile.lock. Run 'pod install' or update your CocoaPods installation.\" >&2\n    exit 1\nfi\n# This output is used by Xcode 'outputs' to avoid re-running this script phase.\necho \"SUCCESS\" > \"${SCRIPT_OUTPUT_FILE_0}\"\n";
			showEnvVarsInLog = 0;
		};
/* End PBXShellScriptBuildPhase section */

/* Begin PBXSourcesBuildPhase section */
		D213FCB428D8473000B62AAA /* Sources */ = {
			isa = PBXSourcesBuildPhase;
			buildActionMask = 2147483647;
			files = (
				D213FCC028D8473000B62AAA /* PostViewController.swift in Sources */,
				D21BC76928D8AF38000ECE29 /* ApiManager.swift in Sources */,
				D21BC76628D8AE48000ECE29 /* PhotosCollectionView.swift in Sources */,
				D29255CA28D9F3EC00EDA4FE /* ToDoModel.swift in Sources */,
				D213FCD128D862AA00B62AAA /* PostModel.swift in Sources */,
				D213FCD528D8631000B62AAA /* PostTableViewCell.swift in Sources */,
				D29255C828D9F37C00EDA4FE /* CoreDataStack.swift in Sources */,
				D284280628D89A470040E304 /* PhotoModel.swift in Sources */,
				D297DC5E28DAEE25001EBD90 /* ToDoItem+CoreDataClass.swift in Sources */,
				D262623C28D8A42400822855 /* PhotosCollectionViewCell.swift in Sources */,
				D297DC5D28DAEE25001EBD90 /* ToDoItem+CoreDataProperties.swift in Sources */,
				D213FCBC28D8473000B62AAA /* AppDelegate.swift in Sources */,
				D213FCBE28D8473000B62AAA /* SceneDelegate.swift in Sources */,
				D29255CD28D9F42E00EDA4FE /* Model.xcdatamodeld in Sources */,
			);
			runOnlyForDeploymentPostprocessing = 0;
		};
/* End PBXSourcesBuildPhase section */

/* Begin PBXVariantGroup section */
		D213FCC128D8473000B62AAA /* Main.storyboard */ = {
			isa = PBXVariantGroup;
			children = (
				D213FCC228D8473000B62AAA /* Base */,
			);
			name = Main.storyboard;
			sourceTree = "<group>";
		};
		D213FCC628D8473600B62AAA /* LaunchScreen.storyboard */ = {
			isa = PBXVariantGroup;
			children = (
				D213FCC728D8473600B62AAA /* Base */,
			);
			name = LaunchScreen.storyboard;
			sourceTree = "<group>";
		};
/* End PBXVariantGroup section */

/* Begin XCBuildConfiguration section */
		D213FCCA28D8473600B62AAA /* Debug */ = {
			isa = XCBuildConfiguration;
			buildSettings = {
				ALWAYS_SEARCH_USER_PATHS = NO;
				CLANG_ANALYZER_NONNULL = YES;
				CLANG_ANALYZER_NUMBER_OBJECT_CONVERSION = YES_AGGRESSIVE;
				CLANG_CXX_LANGUAGE_STANDARD = "gnu++17";
				CLANG_CXX_LIBRARY = "libc++";
				CLANG_ENABLE_MODULES = YES;
				CLANG_ENABLE_OBJC_ARC = YES;
				CLANG_ENABLE_OBJC_WEAK = YES;
				CLANG_WARN_BLOCK_CAPTURE_AUTORELEASING = YES;
				CLANG_WARN_BOOL_CONVERSION = YES;
				CLANG_WARN_COMMA = YES;
				CLANG_WARN_CONSTANT_CONVERSION = YES;
				CLANG_WARN_DEPRECATED_OBJC_IMPLEMENTATIONS = YES;
				CLANG_WARN_DIRECT_OBJC_ISA_USAGE = YES_ERROR;
				CLANG_WARN_DOCUMENTATION_COMMENTS = YES;
				CLANG_WARN_EMPTY_BODY = YES;
				CLANG_WARN_ENUM_CONVERSION = YES;
				CLANG_WARN_INFINITE_RECURSION = YES;
				CLANG_WARN_INT_CONVERSION = YES;
				CLANG_WARN_NON_LITERAL_NULL_CONVERSION = YES;
				CLANG_WARN_OBJC_IMPLICIT_RETAIN_SELF = YES;
				CLANG_WARN_OBJC_LITERAL_CONVERSION = YES;
				CLANG_WARN_OBJC_ROOT_CLASS = YES_ERROR;
				CLANG_WARN_QUOTED_INCLUDE_IN_FRAMEWORK_HEADER = YES;
				CLANG_WARN_RANGE_LOOP_ANALYSIS = YES;
				CLANG_WARN_STRICT_PROTOTYPES = YES;
				CLANG_WARN_SUSPICIOUS_MOVE = YES;
				CLANG_WARN_UNGUARDED_AVAILABILITY = YES_AGGRESSIVE;
				CLANG_WARN_UNREACHABLE_CODE = YES;
				CLANG_WARN__DUPLICATE_METHOD_MATCH = YES;
				COPY_PHASE_STRIP = NO;
				DEBUG_INFORMATION_FORMAT = dwarf;
				ENABLE_STRICT_OBJC_MSGSEND = YES;
				ENABLE_TESTABILITY = YES;
				GCC_C_LANGUAGE_STANDARD = gnu11;
				GCC_DYNAMIC_NO_PIC = NO;
				GCC_NO_COMMON_BLOCKS = YES;
				GCC_OPTIMIZATION_LEVEL = 0;
				GCC_PREPROCESSOR_DEFINITIONS = (
					"DEBUG=1",
					"$(inherited)",
				);
				GCC_WARN_64_TO_32_BIT_CONVERSION = YES;
				GCC_WARN_ABOUT_RETURN_TYPE = YES_ERROR;
				GCC_WARN_UNDECLARED_SELECTOR = YES;
				GCC_WARN_UNINITIALIZED_AUTOS = YES_AGGRESSIVE;
				GCC_WARN_UNUSED_FUNCTION = YES;
				GCC_WARN_UNUSED_VARIABLE = YES;
				IPHONEOS_DEPLOYMENT_TARGET = 15.2;
				MTL_ENABLE_DEBUG_INFO = INCLUDE_SOURCE;
				MTL_FAST_MATH = YES;
				ONLY_ACTIVE_ARCH = YES;
				SDKROOT = iphoneos;
				SWIFT_ACTIVE_COMPILATION_CONDITIONS = DEBUG;
				SWIFT_OPTIMIZATION_LEVEL = "-Onone";
			};
			name = Debug;
		};
		D213FCCB28D8473600B62AAA /* Release */ = {
			isa = XCBuildConfiguration;
			buildSettings = {
				ALWAYS_SEARCH_USER_PATHS = NO;
				CLANG_ANALYZER_NONNULL = YES;
				CLANG_ANALYZER_NUMBER_OBJECT_CONVERSION = YES_AGGRESSIVE;
				CLANG_CXX_LANGUAGE_STANDARD = "gnu++17";
				CLANG_CXX_LIBRARY = "libc++";
				CLANG_ENABLE_MODULES = YES;
				CLANG_ENABLE_OBJC_ARC = YES;
				CLANG_ENABLE_OBJC_WEAK = YES;
				CLANG_WARN_BLOCK_CAPTURE_AUTORELEASING = YES;
				CLANG_WARN_BOOL_CONVERSION = YES;
				CLANG_WARN_COMMA = YES;
				CLANG_WARN_CONSTANT_CONVERSION = YES;
				CLANG_WARN_DEPRECATED_OBJC_IMPLEMENTATIONS = YES;
				CLANG_WARN_DIRECT_OBJC_ISA_USAGE = YES_ERROR;
				CLANG_WARN_DOCUMENTATION_COMMENTS = YES;
				CLANG_WARN_EMPTY_BODY = YES;
				CLANG_WARN_ENUM_CONVERSION = YES;
				CLANG_WARN_INFINITE_RECURSION = YES;
				CLANG_WARN_INT_CONVERSION = YES;
				CLANG_WARN_NON_LITERAL_NULL_CONVERSION = YES;
				CLANG_WARN_OBJC_IMPLICIT_RETAIN_SELF = YES;
				CLANG_WARN_OBJC_LITERAL_CONVERSION = YES;
				CLANG_WARN_OBJC_ROOT_CLASS = YES_ERROR;
				CLANG_WARN_QUOTED_INCLUDE_IN_FRAMEWORK_HEADER = YES;
				CLANG_WARN_RANGE_LOOP_ANALYSIS = YES;
				CLANG_WARN_STRICT_PROTOTYPES = YES;
				CLANG_WARN_SUSPICIOUS_MOVE = YES;
				CLANG_WARN_UNGUARDED_AVAILABILITY = YES_AGGRESSIVE;
				CLANG_WARN_UNREACHABLE_CODE = YES;
				CLANG_WARN__DUPLICATE_METHOD_MATCH = YES;
				COPY_PHASE_STRIP = NO;
				DEBUG_INFORMATION_FORMAT = "dwarf-with-dsym";
				ENABLE_NS_ASSERTIONS = NO;
				ENABLE_STRICT_OBJC_MSGSEND = YES;
				GCC_C_LANGUAGE_STANDARD = gnu11;
				GCC_NO_COMMON_BLOCKS = YES;
				GCC_WARN_64_TO_32_BIT_CONVERSION = YES;
				GCC_WARN_ABOUT_RETURN_TYPE = YES_ERROR;
				GCC_WARN_UNDECLARED_SELECTOR = YES;
				GCC_WARN_UNINITIALIZED_AUTOS = YES_AGGRESSIVE;
				GCC_WARN_UNUSED_FUNCTION = YES;
				GCC_WARN_UNUSED_VARIABLE = YES;
				IPHONEOS_DEPLOYMENT_TARGET = 15.2;
				MTL_ENABLE_DEBUG_INFO = NO;
				MTL_FAST_MATH = YES;
				SDKROOT = iphoneos;
				SWIFT_COMPILATION_MODE = wholemodule;
				SWIFT_OPTIMIZATION_LEVEL = "-O";
				VALIDATE_PRODUCT = YES;
			};
			name = Release;
		};
		D213FCCD28D8473600B62AAA /* Debug */ = {
			isa = XCBuildConfiguration;
			baseConfigurationReference = 31C432047CE1D4D0F771A676 /* Pods-Homework3.debug.xcconfig */;
			buildSettings = {
				ASSETCATALOG_COMPILER_APPICON_NAME = AppIcon;
				ASSETCATALOG_COMPILER_GLOBAL_ACCENT_COLOR_NAME = AccentColor;
				CODE_SIGN_STYLE = Automatic;
				CURRENT_PROJECT_VERSION = 1;
				DEVELOPMENT_TEAM = GQZ969BN59;
				GENERATE_INFOPLIST_FILE = YES;
				INFOPLIST_FILE = Homework3/Info.plist;
				INFOPLIST_KEY_UIApplicationSupportsIndirectInputEvents = YES;
				INFOPLIST_KEY_UILaunchStoryboardName = LaunchScreen;
				INFOPLIST_KEY_UIMainStoryboardFile = Main;
				INFOPLIST_KEY_UISupportedInterfaceOrientations_iPad = "UIInterfaceOrientationPortrait UIInterfaceOrientationPortraitUpsideDown UIInterfaceOrientationLandscapeLeft UIInterfaceOrientationLandscapeRight";
				INFOPLIST_KEY_UISupportedInterfaceOrientations_iPhone = "UIInterfaceOrientationPortrait UIInterfaceOrientationLandscapeLeft UIInterfaceOrientationLandscapeRight";
				LD_RUNPATH_SEARCH_PATHS = (
					"$(inherited)",
					"@executable_path/Frameworks",
				);
				MARKETING_VERSION = 1.0;
				PRODUCT_BUNDLE_IDENTIFIER = barutcu.com.Homework3;
				PRODUCT_NAME = "$(TARGET_NAME)";
				SWIFT_EMIT_LOC_STRINGS = YES;
				SWIFT_VERSION = 5.0;
				TARGETED_DEVICE_FAMILY = "1,2";
			};
			name = Debug;
		};
		D213FCCE28D8473600B62AAA /* Release */ = {
			isa = XCBuildConfiguration;
			baseConfigurationReference = 70D41300128558CA7D80E74C /* Pods-Homework3.release.xcconfig */;
			buildSettings = {
				ASSETCATALOG_COMPILER_APPICON_NAME = AppIcon;
				ASSETCATALOG_COMPILER_GLOBAL_ACCENT_COLOR_NAME = AccentColor;
				CODE_SIGN_STYLE = Automatic;
				CURRENT_PROJECT_VERSION = 1;
				DEVELOPMENT_TEAM = GQZ969BN59;
				GENERATE_INFOPLIST_FILE = YES;
				INFOPLIST_FILE = Homework3/Info.plist;
				INFOPLIST_KEY_UIApplicationSupportsIndirectInputEvents = YES;
				INFOPLIST_KEY_UILaunchStoryboardName = LaunchScreen;
				INFOPLIST_KEY_UIMainStoryboardFile = Main;
				INFOPLIST_KEY_UISupportedInterfaceOrientations_iPad = "UIInterfaceOrientationPortrait UIInterfaceOrientationPortraitUpsideDown UIInterfaceOrientationLandscapeLeft UIInterfaceOrientationLandscapeRight";
				INFOPLIST_KEY_UISupportedInterfaceOrientations_iPhone = "UIInterfaceOrientationPortrait UIInterfaceOrientationLandscapeLeft UIInterfaceOrientationLandscapeRight";
				LD_RUNPATH_SEARCH_PATHS = (
					"$(inherited)",
					"@executable_path/Frameworks",
				);
				MARKETING_VERSION = 1.0;
				PRODUCT_BUNDLE_IDENTIFIER = barutcu.com.Homework3;
				PRODUCT_NAME = "$(TARGET_NAME)";
				SWIFT_EMIT_LOC_STRINGS = YES;
				SWIFT_VERSION = 5.0;
				TARGETED_DEVICE_FAMILY = "1,2";
			};
			name = Release;
		};
/* End XCBuildConfiguration section */

/* Begin XCConfigurationList section */
		D213FCB328D8473000B62AAA /* Build configuration list for PBXProject "Homework3" */ = {
			isa = XCConfigurationList;
			buildConfigurations = (
				D213FCCA28D8473600B62AAA /* Debug */,
				D213FCCB28D8473600B62AAA /* Release */,
			);
			defaultConfigurationIsVisible = 0;
			defaultConfigurationName = Release;
		};
		D213FCCC28D8473600B62AAA /* Build configuration list for PBXNativeTarget "Homework3" */ = {
			isa = XCConfigurationList;
			buildConfigurations = (
				D213FCCD28D8473600B62AAA /* Debug */,
				D213FCCE28D8473600B62AAA /* Release */,
			);
			defaultConfigurationIsVisible = 0;
			defaultConfigurationName = Release;
		};
/* End XCConfigurationList section */

/* Begin XCVersionGroup section */
		D29255CB28D9F42E00EDA4FE /* Model.xcdatamodeld */ = {
			isa = XCVersionGroup;
			children = (
				D29255CC28D9F42E00EDA4FE /* Model.xcdatamodel */,
			);
			currentVersion = D29255CC28D9F42E00EDA4FE /* Model.xcdatamodel */;
			path = Model.xcdatamodeld;
			sourceTree = "<group>";
			versionGroupType = wrapper.xcdatamodel;
		};
/* End XCVersionGroup section */
	};
	rootObject = D213FCB028D8473000B62AAA /* Project object */;
}
